// !$*UTF8*$!
{
	archiveVersion = 1;
	classes = {
	};
	objectVersion = 46;
	objects = {

/* Begin PBXBuildFile section */
		431A654B1DAE97C800D584E0 /* PageHandleVC.swift in Sources */ = {isa = PBXBuildFile; fileRef = 431A654A1DAE97C800D584E0 /* PageHandleVC.swift */; };
		437034301DAE79CD00DBE46E /* AppDelegate.swift in Sources */ = {isa = PBXBuildFile; fileRef = 4370342F1DAE79CD00DBE46E /* AppDelegate.swift */; };
		437034351DAE79CD00DBE46E /* Main.storyboard in Resources */ = {isa = PBXBuildFile; fileRef = 437034331DAE79CD00DBE46E /* Main.storyboard */; };
		437034371DAE79CD00DBE46E /* Assets.xcassets in Resources */ = {isa = PBXBuildFile; fileRef = 437034361DAE79CD00DBE46E /* Assets.xcassets */; };
		4370343A1DAE79CD00DBE46E /* LaunchScreen.storyboard in Resources */ = {isa = PBXBuildFile; fileRef = 437034381DAE79CD00DBE46E /* LaunchScreen.storyboard */; };
		437034451DAE79CD00DBE46E /* PageSlideTutorialExamTests.swift in Sources */ = {isa = PBXBuildFile; fileRef = 437034441DAE79CD00DBE46E /* PageSlideTutorialExamTests.swift */; };
		437034501DAE79CD00DBE46E /* PageSlideTutorialExamUITests.swift in Sources */ = {isa = PBXBuildFile; fileRef = 4370344F1DAE79CD00DBE46E /* PageSlideTutorialExamUITests.swift */; };
		4370345F1DAE7AE000DBE46E /* TutoVCOne.swift in Sources */ = {isa = PBXBuildFile; fileRef = 4370345E1DAE7AE000DBE46E /* TutoVCOne.swift */; };
		437034611DAE7AF300DBE46E /* TutoVCTwo.swift in Sources */ = {isa = PBXBuildFile; fileRef = 437034601DAE7AF300DBE46E /* TutoVCTwo.swift */; };
		437034631DAE7B0100DBE46E /* TutoVCThree.swift in Sources */ = {isa = PBXBuildFile; fileRef = 437034621DAE7B0100DBE46E /* TutoVCThree.swift */; };
/* End PBXBuildFile section */

/* Begin PBXContainerItemProxy section */
		437034411DAE79CD00DBE46E /* PBXContainerItemProxy */ = {
			isa = PBXContainerItemProxy;
			containerPortal = 437034241DAE79CD00DBE46E /* Project object */;
			proxyType = 1;
			remoteGlobalIDString = 4370342B1DAE79CD00DBE46E;
			remoteInfo = PageSlideTutorialExam;
		};
		4370344C1DAE79CD00DBE46E /* PBXContainerItemProxy */ = {
			isa = PBXContainerItemProxy;
			containerPortal = 437034241DAE79CD00DBE46E /* Project object */;
			proxyType = 1;
			remoteGlobalIDString = 4370342B1DAE79CD00DBE46E;
			remoteInfo = PageSlideTutorialExam;
		};
/* End PBXContainerItemProxy section */

/* Begin PBXFileReference section */
		431A654A1DAE97C800D584E0 /* PageHandleVC.swift */ = {isa = PBXFileReference; fileEncoding = 4; lastKnownFileType = sourcecode.swift; path = PageHandleVC.swift; sourceTree = "<group>"; };
		4370342C1DAE79CD00DBE46E /* PageSlideTutorialExam.app */ = {isa = PBXFileReference; explicitFileType = wrapper.application; includeInIndex = 0; path = PageSlideTutorialExam.app; sourceTree = BUILT_PRODUCTS_DIR; };
		4370342F1DAE79CD00DBE46E /* AppDelegate.swift */ = {isa = PBXFileReference; lastKnownFileType = sourcecode.swift; path = AppDelegate.swift; sourceTree = "<group>"; };
		437034341DAE79CD00DBE46E /* Base */ = {isa = PBXFileReference; lastKnownFileType = file.storyboard; name = Base; path = Base.lproj/Main.storyboard; sourceTree = "<group>"; };
		437034361DAE79CD00DBE46E /* Assets.xcassets */ = {isa = PBXFileReference; lastKnownFileType = folder.assetcatalog; path = Assets.xcassets; sourceTree = "<group>"; };
		437034391DAE79CD00DBE46E /* Base */ = {isa = PBXFileReference; lastKnownFileType = file.storyboard; name = Base; path = Base.lproj/LaunchScreen.storyboard; sourceTree = "<group>"; };
		4370343B1DAE79CD00DBE46E /* Info.plist */ = {isa = PBXFileReference; lastKnownFileType = text.plist.xml; path = Info.plist; sourceTree = "<group>"; };
		437034401DAE79CD00DBE46E /* PageSlideTutorialExamTests.xctest */ = {isa = PBXFileReference; explicitFileType = wrapper.cfbundle; includeInIndex = 0; path = PageSlideTutorialExamTests.xctest; sourceTree = BUILT_PRODUCTS_DIR; };
		437034441DAE79CD00DBE46E /* PageSlideTutorialExamTests.swift */ = {isa = PBXFileReference; lastKnownFileType = sourcecode.swift; path = PageSlideTutorialExamTests.swift; sourceTree = "<group>"; };
		437034461DAE79CD00DBE46E /* Info.plist */ = {isa = PBXFileReference; lastKnownFileType = text.plist.xml; path = Info.plist; sourceTree = "<group>"; };
		4370344B1DAE79CD00DBE46E /* PageSlideTutorialExamUITests.xctest */ = {isa = PBXFileReference; explicitFileType = wrapper.cfbundle; includeInIndex = 0; path = PageSlideTutorialExamUITests.xctest; sourceTree = BUILT_PRODUCTS_DIR; };
		4370344F1DAE79CD00DBE46E /* PageSlideTutorialExamUITests.swift */ = {isa = PBXFileReference; lastKnownFileType = sourcecode.swift; path = PageSlideTutorialExamUITests.swift; sourceTree = "<group>"; };
		437034511DAE79CD00DBE46E /* Info.plist */ = {isa = PBXFileReference; lastKnownFileType = text.plist.xml; path = Info.plist; sourceTree = "<group>"; };
		4370345E1DAE7AE000DBE46E /* TutoVCOne.swift */ = {isa = PBXFileReference; fileEncoding = 4; lastKnownFileType = sourcecode.swift; path = TutoVCOne.swift; sourceTree = "<group>"; };
		437034601DAE7AF300DBE46E /* TutoVCTwo.swift */ = {isa = PBXFileReference; fileEncoding = 4; lastKnownFileType = sourcecode.swift; path = TutoVCTwo.swift; sourceTree = "<group>"; };
		437034621DAE7B0100DBE46E /* TutoVCThree.swift */ = {isa = PBXFileReference; fileEncoding = 4; lastKnownFileType = sourcecode.swift; path = TutoVCThree.swift; sourceTree = "<group>"; };
/* End PBXFileReference section */

/* Begin PBXFrameworksBuildPhase section */
		437034291DAE79CD00DBE46E /* Frameworks */ = {
			isa = PBXFrameworksBuildPhase;
			buildActionMask = 2147483647;
			files = (
			);
			runOnlyForDeploymentPostprocessing = 0;
		};
		4370343D1DAE79CD00DBE46E /* Frameworks */ = {
			isa = PBXFrameworksBuildPhase;
			buildActionMask = 2147483647;
			files = (
			);
			runOnlyForDeploymentPostprocessing = 0;
		};
		437034481DAE79CD00DBE46E /* Frameworks */ = {
			isa = PBXFrameworksBuildPhase;
			buildActionMask = 2147483647;
			files = (
			);
			runOnlyForDeploymentPostprocessing = 0;
		};
/* End PBXFrameworksBuildPhase section */

/* Begin PBXGroup section */
		437034231DAE79CD00DBE46E = {
			isa = PBXGroup;
			children = (
				4370342E1DAE79CD00DBE46E /* PageSlideTutorialExam */,
				437034431DAE79CD00DBE46E /* PageSlideTutorialExamTests */,
				4370344E1DAE79CD00DBE46E /* PageSlideTutorialExamUITests */,
				4370342D1DAE79CD00DBE46E /* Products */,
			);
			sourceTree = "<group>";
		};
		4370342D1DAE79CD00DBE46E /* Products */ = {
			isa = PBXGroup;
			children = (
				4370342C1DAE79CD00DBE46E /* PageSlideTutorialExam.app */,
				437034401DAE79CD00DBE46E /* PageSlideTutorialExamTests.xctest */,
				4370344B1DAE79CD00DBE46E /* PageSlideTutorialExamUITests.xctest */,
			);
			name = Products;
			sourceTree = "<group>";
		};
		4370342E1DAE79CD00DBE46E /* PageSlideTutorialExam */ = {
			isa = PBXGroup;
			children = (
				4370345D1DAE7AB100DBE46E /* TurorialClasses */,
				4370342F1DAE79CD00DBE46E /* AppDelegate.swift */,
				431A654A1DAE97C800D584E0 /* PageHandleVC.swift */,
				437034331DAE79CD00DBE46E /* Main.storyboard */,
				437034361DAE79CD00DBE46E /* Assets.xcassets */,
				437034381DAE79CD00DBE46E /* LaunchScreen.storyboard */,
				4370343B1DAE79CD00DBE46E /* Info.plist */,
			);
			path = PageSlideTutorialExam;
			sourceTree = "<group>";
		};
		437034431DAE79CD00DBE46E /* PageSlideTutorialExamTests */ = {
			isa = PBXGroup;
			children = (
				437034441DAE79CD00DBE46E /* PageSlideTutorialExamTests.swift */,
				437034461DAE79CD00DBE46E /* Info.plist */,
			);
			path = PageSlideTutorialExamTests;
			sourceTree = "<group>";
		};
		4370344E1DAE79CD00DBE46E /* PageSlideTutorialExamUITests */ = {
			isa = PBXGroup;
			children = (
				4370344F1DAE79CD00DBE46E /* PageSlideTutorialExamUITests.swift */,
				437034511DAE79CD00DBE46E /* Info.plist */,
			);
			path = PageSlideTutorialExamUITests;
			sourceTree = "<group>";
		};
		4370345D1DAE7AB100DBE46E /* TurorialClasses */ = {
			isa = PBXGroup;
			children = (
				4370345E1DAE7AE000DBE46E /* TutoVCOne.swift */,
				437034601DAE7AF300DBE46E /* TutoVCTwo.swift */,
				437034621DAE7B0100DBE46E /* TutoVCThree.swift */,
			);
			name = TurorialClasses;
			sourceTree = "<group>";
		};
/* End PBXGroup section */

/* Begin PBXNativeTarget section */
		4370342B1DAE79CD00DBE46E /* PageSlideTutorialExam */ = {
			isa = PBXNativeTarget;
			buildConfigurationList = 437034541DAE79CD00DBE46E /* Build configuration list for PBXNativeTarget "PageSlideTutorialExam" */;
			buildPhases = (
				437034281DAE79CD00DBE46E /* Sources */,
				437034291DAE79CD00DBE46E /* Frameworks */,
				4370342A1DAE79CD00DBE46E /* Resources */,
			);
			buildRules = (
			);
			dependencies = (
			);
			name = PageSlideTutorialExam;
			productName = PageSlideTutorialExam;
			productReference = 4370342C1DAE79CD00DBE46E /* PageSlideTutorialExam.app */;
			productType = "com.apple.product-type.application";
		};
		4370343F1DAE79CD00DBE46E /* PageSlideTutorialExamTests */ = {
			isa = PBXNativeTarget;
			buildConfigurationList = 437034571DAE79CD00DBE46E /* Build configuration list for PBXNativeTarget "PageSlideTutorialExamTests" */;
			buildPhases = (
				4370343C1DAE79CD00DBE46E /* Sources */,
				4370343D1DAE79CD00DBE46E /* Frameworks */,
				4370343E1DAE79CD00DBE46E /* Resources */,
			);
			buildRules = (
			);
			dependencies = (
				437034421DAE79CD00DBE46E /* PBXTargetDependency */,
			);
			name = PageSlideTutorialExamTests;
			productName = PageSlideTutorialExamTests;
			productReference = 437034401DAE79CD00DBE46E /* PageSlideTutorialExamTests.xctest */;
			productType = "com.apple.product-type.bundle.unit-test";
		};
		4370344A1DAE79CD00DBE46E /* PageSlideTutorialExamUITests */ = {
			isa = PBXNativeTarget;
			buildConfigurationList = 4370345A1DAE79CD00DBE46E /* Build configuration list for PBXNativeTarget "PageSlideTutorialExamUITests" */;
			buildPhases = (
				437034471DAE79CD00DBE46E /* Sources */,
				437034481DAE79CD00DBE46E /* Frameworks */,
				437034491DAE79CD00DBE46E /* Resources */,
			);
			buildRules = (
			);
			dependencies = (
				4370344D1DAE79CD00DBE46E /* PBXTargetDependency */,
			);
			name = PageSlideTutorialExamUITests;
			productName = PageSlideTutorialExamUITests;
			productReference = 4370344B1DAE79CD00DBE46E /* PageSlideTutorialExamUITests.xctest */;
			productType = "com.apple.product-type.bundle.ui-testing";
		};
/* End PBXNativeTarget section */

/* Begin PBXProject section */
		437034241DAE79CD00DBE46E /* Project object */ = {
			isa = PBXProject;
			attributes = {
				LastSwiftUpdateCheck = 0730;
				LastUpgradeCheck = 0730;
				ORGANIZATIONNAME = "Bogdan Dimitrov Filov";
				TargetAttributes = {
					4370342B1DAE79CD00DBE46E = {
						CreatedOnToolsVersion = 7.3.1;
					};
					4370343F1DAE79CD00DBE46E = {
						CreatedOnToolsVersion = 7.3.1;
						TestTargetID = 4370342B1DAE79CD00DBE46E;
					};
					4370344A1DAE79CD00DBE46E = {
						CreatedOnToolsVersion = 7.3.1;
						TestTargetID = 4370342B1DAE79CD00DBE46E;
					};
				};
			};
			buildConfigurationList = 437034271DAE79CD00DBE46E /* Build configuration list for PBXProject "PageSlideTutorialExam" */;
			compatibilityVersion = "Xcode 3.2";
			developmentRegion = English;
			hasScannedForEncodings = 0;
			knownRegions = (
				en,
				Base,
			);
			mainGroup = 437034231DAE79CD00DBE46E;
			productRefGroup = 4370342D1DAE79CD00DBE46E /* Products */;
			projectDirPath = "";
			projectRoot = "";
			targets = (
				4370342B1DAE79CD00DBE46E /* PageSlideTutorialExam */,
				4370343F1DAE79CD00DBE46E /* PageSlideTutorialExamTests */,
				4370344A1DAE79CD00DBE46E /* PageSlideTutorialExamUITests */,
			);
		};
/* End PBXProject section */

/* Begin PBXResourcesBuildPhase section */
		4370342A1DAE79CD00DBE46E /* Resources */ = {
			isa = PBXResourcesBuildPhase;
			buildActionMask = 2147483647;
			files = (
				4370343A1DAE79CD00DBE46E /* LaunchScreen.storyboard in Resources */,
				437034371DAE79CD00DBE46E /* Assets.xcassets in Resources */,
				437034351DAE79CD00DBE46E /* Main.storyboard in Resources */,
			);
			runOnlyForDeploymentPostprocessing = 0;
		};
		4370343E1DAE79CD00DBE46E /* Resources */ = {
			isa = PBXResourcesBuildPhase;
			buildActionMask = 2147483647;
			files = (
			);
			runOnlyForDeploymentPostprocessing = 0;
		};
		437034491DAE79CD00DBE46E /* Resources */ = {
			isa = PBXResourcesBuildPhase;
			buildActionMask = 2147483647;
			files = (
			);
			runOnlyForDeploymentPostprocessing = 0;
		};
/* End PBXResourcesBuildPhase section */

/* Begin PBXSourcesBuildPhase section */
		437034281DAE79CD00DBE46E /* Sources */ = {
			isa = PBXSourcesBuildPhase;
			buildActionMask = 2147483647;
			files = (
				431A654B1DAE97C800D584E0 /* PageHandleVC.swift in Sources */,
				437034611DAE7AF300DBE46E /* TutoVCTwo.swift in Sources */,
				437034631DAE7B0100DBE46E /* TutoVCThree.swift in Sources */,
				437034301DAE79CD00DBE46E /* AppDelegate.swift in Sources */,
				4370345F1DAE7AE000DBE46E /* TutoVCOne.swift in Sources */,
			);
			runOnlyForDeploymentPostprocessing = 0;
		};
		4370343C1DAE79CD00DBE46E /* Sources */ = {
			isa = PBXSourcesBuildPhase;
			buildActionMask = 2147483647;
			files = (
				437034451DAE79CD00DBE46E /* PageSlideTutorialExamTests.swift in Sources */,
			);
			runOnlyForDeploymentPostprocessing = 0;
		};
		437034471DAE79CD00DBE46E /* Sources */ = {
			isa = PBXSourcesBuildPhase;
			buildActionMask = 2147483647;
			files = (
				437034501DAE79CD00DBE46E /* PageSlideTutorialExamUITests.swift in Sources */,
			);
			runOnlyForDeploymentPostprocessing = 0;
		};
/* End PBXSourcesBuildPhase section */

/* Begin PBXTargetDependency section */
		437034421DAE79CD00DBE46E /* PBXTargetDependency */ = {
			isa = PBXTargetDependency;
			target = 4370342B1DAE79CD00DBE46E /* PageSlideTutorialExam */;
			targetProxy = 437034411DAE79CD00DBE46E /* PBXContainerItemProxy */;
		};
		4370344D1DAE79CD00DBE46E /* PBXTargetDependency */ = {
			isa = PBXTargetDependency;
			target = 4370342B1DAE79CD00DBE46E /* PageSlideTutorialExam */;
			targetProxy = 4370344C1DAE79CD00DBE46E /* PBXContainerItemProxy */;
		};
/* End PBXTargetDependency section */

/* Begin PBXVariantGroup section */
		437034331DAE79CD00DBE46E /* Main.storyboard */ = {
			isa = PBXVariantGroup;
			children = (
				437034341DAE79CD00DBE46E /* Base */,
			);
			name = Main.storyboard;
			sourceTree = "<group>";
		};
		437034381DAE79CD00DBE46E /* LaunchScreen.storyboard */ = {
			isa = PBXVariantGroup;
			children = (
				437034391DAE79CD00DBE46E /* Base */,
			);
			name = LaunchScreen.storyboard;
			sourceTree = "<group>";
		};
/* End PBXVariantGroup section */

/* Begin XCBuildConfiguration section */
		437034521DAE79CD00DBE46E /* Debug */ = {
			isa = XCBuildConfiguration;
			buildSettings = {
				ALWAYS_SEARCH_USER_PATHS = NO;
				CLANG_ANALYZER_NONNULL = YES;
				CLANG_CXX_LANGUAGE_STANDARD = "gnu++0x";
				CLANG_CXX_LIBRARY = "libc++";
				CLANG_ENABLE_MODULES = YES;
				CLANG_ENABLE_OBJC_ARC = YES;
				CLANG_WARN_BOOL_CONVERSION = YES;
				CLANG_WARN_CONSTANT_CONVERSION = YES;
				CLANG_WARN_DIRECT_OBJC_ISA_USAGE = YES_ERROR;
				CLANG_WARN_EMPTY_BODY = YES;
				CLANG_WARN_ENUM_CONVERSION = YES;
				CLANG_WARN_INT_CONVERSION = YES;
				CLANG_WARN_OBJC_ROOT_CLASS = YES_ERROR;
				CLANG_WARN_UNREACHABLE_CODE = YES;
				CLANG_WARN__DUPLICATE_METHOD_MATCH = YES;
				"CODE_SIGN_IDENTITY[sdk=iphoneos*]" = "iPhone Developer";
				COPY_PHASE_STRIP = NO;
				DEBUG_INFORMATION_FORMAT = dwarf;
				ENABLE_STRICT_OBJC_MSGSEND = YES;
				ENABLE_TESTABILITY = YES;
				GCC_C_LANGUAGE_STANDARD = gnu99;
				GCC_DYNAMIC_NO_PIC = NO;
				GCC_NO_COMMON_BLOCKS = YES;
				GCC_OPTIMIZATION_LEVEL = 0;
				GCC_PREPROCESSOR_DEFINITIONS = (
					"DEBUG=1",
					"$(inherited)",
				);
				GCC_WARN_64_TO_32_BIT_CONVERSION = YES;
				GCC_WARN_ABOUT_RETURN_TYPE = YES_ERROR;
				GCC_WARN_UNDECLARED_SELECTOR = YES;
				GCC_WARN_UNINITIALIZED_AUTOS = YES_AGGRESSIVE;
				GCC_WARN_UNUSED_FUNCTION = YES;
				GCC_WARN_UNUSED_VARIABLE = YES;
				IPHONEOS_DEPLOYMENT_TARGET = 9.3;
				MTL_ENABLE_DEBUG_INFO = YES;
				ONLY_ACTIVE_ARCH = YES;
				SDKROOT = iphoneos;
				SWIFT_OPTIMIZATION_LEVEL = "-Onone";
				TARGETED_DEVICE_FAMILY = "1,2";
			};
			name = Debug;
		};
		437034531DAE79CD00DBE46E /* Release */ = {
			isa = XCBuildConfiguration;
			buildSettings = {
				ALWAYS_SEARCH_USER_PATHS = NO;
				CLANG_ANALYZER_NONNULL = YES;
				CLANG_CXX_LANGUAGE_STANDARD = "gnu++0x";
				CLANG_CXX_LIBRARY = "libc++";
				CLANG_ENABLE_MODULES = YES;
				CLANG_ENABLE_OBJC_ARC = YES;
				CLANG_WARN_BOOL_CONVERSION = YES;
				CLANG_WARN_CONSTANT_CONVERSION = YES;
				CLANG_WARN_DIRECT_OBJC_ISA_USAGE = YES_ERROR;
				CLANG_WARN_EMPTY_BODY = YES;
				CLANG_WARN_ENUM_CONVERSION = YES;
				CLANG_WARN_INT_CONVERSION = YES;
				CLANG_WARN_OBJC_ROOT_CLASS = YES_ERROR;
				CLANG_WARN_UNREACHABLE_CODE = YES;
				CLANG_WARN__DUPLICATE_METHOD_MATCH = YES;
				"CODE_SIGN_IDENTITY[sdk=iphoneos*]" = "iPhone Developer";
				COPY_PHASE_STRIP = NO;
				DEBUG_INFORMATION_FORMAT = "dwarf-with-dsym";
				ENABLE_NS_ASSERTIONS = NO;
				ENABLE_STRICT_OBJC_MSGSEND = YES;
				GCC_C_LANGUAGE_STANDARD = gnu99;
				GCC_NO_COMMON_BLOCKS = YES;
				GCC_WARN_64_TO_32_BIT_CONVERSION = YES;
				GCC_WARN_ABOUT_RETURN_TYPE = YES_ERROR;
				GCC_WARN_UNDECLARED_SELECTOR = YES;
				GCC_WARN_UNINITIALIZED_AUTOS = YES_AGGRESSIVE;
				GCC_WARN_UNUSED_FUNCTION = YES;
				GCC_WARN_UNUSED_VARIABLE = YES;
				IPHONEOS_DEPLOYMENT_TARGET = 9.3;
				MTL_ENABLE_DEBUG_INFO = NO;
				SDKROOT = iphoneos;
				TARGETED_DEVICE_FAMILY = "1,2";
				VALIDATE_PRODUCT = YES;
			};
			name = Release;
		};
		437034551DAE79CD00DBE46E /* Debug */ = {
			isa = XCBuildConfiguration;
			buildSettings = {
				ASSETCATALOG_COMPILER_APPICON_NAME = AppIcon;
				INFOPLIST_FILE = PageSlideTutorialExam/Info.plist;
				LD_RUNPATH_SEARCH_PATHS = "$(inherited) @executable_path/Frameworks";
				PRODUCT_BUNDLE_IDENTIFIER = Bogdan.PageSlideTutorialExam;
				PRODUCT_NAME = "$(TARGET_NAME)";
			};
			name = Debug;
		};
		437034561DAE79CD00DBE46E /* Release */ = {
			isa = XCBuildConfiguration;
			buildSettings = {
				ASSETCATALOG_COMPILER_APPICON_NAME = AppIcon;
				INFOPLIST_FILE = PageSlideTutorialExam/Info.plist;
				LD_RUNPATH_SEARCH_PATHS = "$(inherited) @executable_path/Frameworks";
				PRODUCT_BUNDLE_IDENTIFIER = Bogdan.PageSlideTutorialExam;
				PRODUCT_NAME = "$(TARGET_NAME)";
			};
			name = Release;
		};
		437034581DAE79CD00DBE46E /* Debug */ = {
			isa = XCBuildConfiguration;
			buildSettings = {
				BUNDLE_LOADER = "$(TEST_HOST)";
				INFOPLIST_FILE = PageSlideTutorialExamTests/Info.plist;
				LD_RUNPATH_SEARCH_PATHS = "$(inherited) @executable_path/Frameworks @loader_path/Frameworks";
				PRODUCT_BUNDLE_IDENTIFIER = Bogdan.PageSlideTutorialExamTests;
				PRODUCT_NAME = "$(TARGET_NAME)";
				TEST_HOST = "$(BUILT_PRODUCTS_DIR)/PageSlideTutorialExam.app/PageSlideTutorialExam";
			};
			name = Debug;
		};
		437034591DAE79CD00DBE46E /* Release */ = {
			isa = XCBuildConfiguration;
			buildSettings = {
				BUNDLE_LOADER = "$(TEST_HOST)";
				INFOPLIST_FILE = PageSlideTutorialExamTests/Info.plist;
				LD_RUNPATH_SEARCH_PATHS = "$(inherited) @executable_path/Frameworks @loader_path/Frameworks";
				PRODUCT_BUNDLE_IDENTIFIER = Bogdan.PageSlideTutorialExamTests;
				PRODUCT_NAME = "$(TARGET_NAME)";
				TEST_HOST = "$(BUILT_PRODUCTS_DIR)/PageSlideTutorialExam.app/PageSlideTutorialExam";
			};
			name = Release;
		};
		4370345B1DAE79CD00DBE46E /* Debug */ = {
			isa = XCBuildConfiguration;
			buildSettings = {
				INFOPLIST_FILE = PageSlideTutorialExamUITests/Info.plist;
				LD_RUNPATH_SEARCH_PATHS = "$(inherited) @executable_path/Frameworks @loader_path/Frameworks";
				PRODUCT_BUNDLE_IDENTIFIER = Bogdan.PageSlideTutorialExamUITests;
				PRODUCT_NAME = "$(TARGET_NAME)";
				TEST_TARGET_NAME = PageSlideTutorialExam;
			};
			name = Debug;
		};
		4370345C1DAE79CD00DBE46E /* Release */ = {
			isa = XCBuildConfiguration;
			buildSettings = {
				INFOPLIST_FILE = PageSlideTutorialExamUITests/Info.plist;
				LD_RUNPATH_SEARCH_PATHS = "$(inherited) @executable_path/Frameworks @loader_path/Frameworks";
				PRODUCT_BUNDLE_IDENTIFIER = Bogdan.PageSlideTutorialExamUITests;
				PRODUCT_NAME = "$(TARGET_NAME)";
				TEST_TARGET_NAME = PageSlideTutorialExam;
			};
			name = Release;
		};
/* End XCBuildConfiguration section */

/* Begin XCConfigurationList section */
		437034271DAE79CD00DBE46E /* Build configuration list for PBXProject "PageSlideTutorialExam" */ = {
			isa = XCConfigurationList;
			buildConfigurations = (
				437034521DAE79CD00DBE46E /* Debug */,
				437034531DAE79CD00DBE46E /* Release */,
			);
			defaultConfigurationIsVisible = 0;
			defaultConfigurationName = Release;
		};
		437034541DAE79CD00DBE46E /* Build configuration list for PBXNativeTarget "PageSlideTutorialExam" */ = {
			isa = XCConfigurationList;
			buildConfigurations = (
				437034551DAE79CD00DBE46E /* Debug */,
				437034561DAE79CD00DBE46E /* Release */,
			);
			defaultConfigurationIsVisible = 0;
			defaultConfigurationName = Release;
		};
		437034571DAE79CD00DBE46E /* Build configuration list for PBXNativeTarget "PageSlideTutorialExamTests" */ = {
			isa = XCConfigurationList;
			buildConfigurations = (
				437034581DAE79CD00DBE46E /* Debug */,
				437034591DAE79CD00DBE46E /* Release */,
			);
			defaultConfigurationIsVisible = 0;
			defaultConfigurationName = Release;
		};
		4370345A1DAE79CD00DBE46E /* Build configuration list for PBXNativeTarget "PageSlideTutorialExamUITests" */ = {
			isa = XCConfigurationList;
			buildConfigurations = (
				4370345B1DAE79CD00DBE46E /* Debug */,
				4370345C1DAE79CD00DBE46E /* Release */,
			);
			defaultConfigurationIsVisible = 0;
			defaultConfigurationName = Release;
		};
/* End XCConfigurationList section */
	};
	rootObject = 437034241DAE79CD00DBE46E /* Project object */;
}
